
Microsoft Visual Studio Solution File, Format Version 12.00
# Visual Studio Version 17
VisualStudioVersion = 17.7.34221.43
MinimumVisualStudioVersion = 10.0.40219.1
Project("{FAE04EC0-301F-11D3-BF4B-00C04F79EFBC}") = "ThreadSort", "ThreadSort.csproj", "{67990221-C336-400F-9C12-6F5F720DFF3F}"
EndProject
Global
	GlobalSection(SolutionConfigurationPlatforms) = preSolution
		Debug|Any CPU = Debug|Any CPU
		Release|Any CPU = Release|Any CPU
	EndGlobalSection
	GlobalSection(ProjectConfigurationPlatforms) = postSolution
		{67990221-C336-400F-9C12-6F5F720DFF3F}.Debug|Any CPU.ActiveCfg = Debug|Any CPU
		{67990221-C336-400F-9C12-6F5F720DFF3F}.Debug|Any CPU.Build.0 = Debug|Any CPU
		{67990221-C336-400F-9C12-6F5F720DFF3F}.Release|Any CPU.ActiveCfg = Release|Any CPU
		{67990221-C336-400F-9C12-6F5F720DFF3F}.Release|Any CPU.Build.0 = Release|Any CPU
	EndGlobalSection
	GlobalSection(SolutionProperties) = preSolution
		HideSolutionNode = FALSE
	EndGlobalSection
	GlobalSection(ExtensibilityGlobals) = postSolution
		SolutionGuid = {BF5E0C3F-1516-4D69-AD0D-B76EF413F6B3}
	EndGlobalSection
EndGlobal
